// !$*UTF8*$!
{
	archiveVersion = 1;
	classes = {
	};
	objectVersion = 46;
	objects = {

/* Begin PBXBuildFile section */
		4DBEDA1B1F226C0700E33F23 /* AppDelegate.swift in Sources */ = {isa = PBXBuildFile; fileRef = 4DBEDA1A1F226C0700E33F23 /* AppDelegate.swift */; };
		4DBEDA201F226C0700E33F23 /* Main.storyboard in Resources */ = {isa = PBXBuildFile; fileRef = 4DBEDA1E1F226C0700E33F23 /* Main.storyboard */; };
		4DBEDA221F226C0700E33F23 /* Assets.xcassets in Resources */ = {isa = PBXBuildFile; fileRef = 4DBEDA211F226C0700E33F23 /* Assets.xcassets */; };
		4DBEDA251F226C0700E33F23 /* LaunchScreen.storyboard in Resources */ = {isa = PBXBuildFile; fileRef = 4DBEDA231F226C0700E33F23 /* LaunchScreen.storyboard */; };
		4DBEDA2F1F226C4000E33F23 /* SettingsViewController.swift in Sources */ = {isa = PBXBuildFile; fileRef = 4DBEDA2E1F226C4000E33F23 /* SettingsViewController.swift */; };
		4DBEDA311F226C4500E33F23 /* TipViewController.swift in Sources */ = {isa = PBXBuildFile; fileRef = 4DBEDA301F226C4500E33F23 /* TipViewController.swift */; };
		4DBEDA331F232EA800E33F23 /* ContainerViewController.swift in Sources */ = {isa = PBXBuildFile; fileRef = 4DBEDA321F232EA800E33F23 /* ContainerViewController.swift */; };
		EE408B09BAA40D833897516D /* Pods_Tippy.framework in Frameworks */ = {isa = PBXBuildFile; fileRef = 41120E254380349895D66DD0 /* Pods_Tippy.framework */; };
/* End PBXBuildFile section */

/* Begin PBXFileReference section */
		23C9B3E6095370F96666FCF6 /* Pods-Tippy.release.xcconfig */ = {isa = PBXFileReference; includeInIndex = 1; lastKnownFileType = text.xcconfig; name = "Pods-Tippy.release.xcconfig"; path = "Pods/Target Support Files/Pods-Tippy/Pods-Tippy.release.xcconfig"; sourceTree = "<group>"; };
		41120E254380349895D66DD0 /* Pods_Tippy.framework */ = {isa = PBXFileReference; explicitFileType = wrapper.framework; includeInIndex = 0; path = Pods_Tippy.framework; sourceTree = BUILT_PRODUCTS_DIR; };
		4DBEDA171F226C0700E33F23 /* Tippy.app */ = {isa = PBXFileReference; explicitFileType = wrapper.application; includeInIndex = 0; path = Tippy.app; sourceTree = BUILT_PRODUCTS_DIR; };
		4DBEDA1A1F226C0700E33F23 /* AppDelegate.swift */ = {isa = PBXFileReference; lastKnownFileType = sourcecode.swift; path = AppDelegate.swift; sourceTree = "<group>"; };
		4DBEDA1F1F226C0700E33F23 /* Base */ = {isa = PBXFileReference; lastKnownFileType = file.storyboard; name = Base; path = Base.lproj/Main.storyboard; sourceTree = "<group>"; };
		4DBEDA211F226C0700E33F23 /* Assets.xcassets */ = {isa = PBXFileReference; lastKnownFileType = folder.assetcatalog; path = Assets.xcassets; sourceTree = "<group>"; };
		4DBEDA241F226C0700E33F23 /* Base */ = {isa = PBXFileReference; lastKnownFileType = file.storyboard; name = Base; path = Base.lproj/LaunchScreen.storyboard; sourceTree = "<group>"; };
		4DBEDA261F226C0700E33F23 /* Info.plist */ = {isa = PBXFileReference; lastKnownFileType = text.plist.xml; path = Info.plist; sourceTree = "<group>"; };
		4DBEDA2E1F226C4000E33F23 /* SettingsViewController.swift */ = {isa = PBXFileReference; fileEncoding = 4; lastKnownFileType = sourcecode.swift; path = SettingsViewController.swift; sourceTree = "<group>"; };
		4DBEDA301F226C4500E33F23 /* TipViewController.swift */ = {isa = PBXFileReference; fileEncoding = 4; lastKnownFileType = sourcecode.swift; path = TipViewController.swift; sourceTree = "<group>"; };
		4DBEDA321F232EA800E33F23 /* ContainerViewController.swift */ = {isa = PBXFileReference; fileEncoding = 4; lastKnownFileType = sourcecode.swift; path = ContainerViewController.swift; sourceTree = "<group>"; };
		4F8FCEAE377CC8ED28BD5C7F /* Pods-Tippy.debug.xcconfig */ = {isa = PBXFileReference; includeInIndex = 1; lastKnownFileType = text.xcconfig; name = "Pods-Tippy.debug.xcconfig"; path = "Pods/Target Support Files/Pods-Tippy/Pods-Tippy.debug.xcconfig"; sourceTree = "<group>"; };
/* End PBXFileReference section */

/* Begin PBXFrameworksBuildPhase section */
		4DBEDA141F226C0700E33F23 /* Frameworks */ = {
			isa = PBXFrameworksBuildPhase;
			buildActionMask = 2147483647;
			files = (
				EE408B09BAA40D833897516D /* Pods_Tippy.framework in Frameworks */,
			);
			runOnlyForDeploymentPostprocessing = 0;
		};
/* End PBXFrameworksBuildPhase section */

/* Begin PBXGroup section */
		11EB913E094C641B3842D8E2 /* Frameworks */ = {
			isa = PBXGroup;
			children = (
				41120E254380349895D66DD0 /* Pods_Tippy.framework */,
			);
			name = Frameworks;
			sourceTree = "<group>";
		};
		4DBEDA0E1F226C0700E33F23 = {
			isa = PBXGroup;
			children = (
				4DBEDA191F226C0700E33F23 /* Tippy */,
				4DBEDA181F226C0700E33F23 /* Products */,
				C858E8C0F32D2EC32CF8F04E /* Pods */,
				11EB913E094C641B3842D8E2 /* Frameworks */,
			);
			sourceTree = "<group>";
		};
		4DBEDA181F226C0700E33F23 /* Products */ = {
			isa = PBXGroup;
			children = (
				4DBEDA171F226C0700E33F23 /* Tippy.app */,
			);
			name = Products;
			sourceTree = "<group>";
		};
		4DBEDA191F226C0700E33F23 /* Tippy */ = {
			isa = PBXGroup;
			children = (
				4DBEDA1A1F226C0700E33F23 /* AppDelegate.swift */,
				4DBEDA301F226C4500E33F23 /* TipViewController.swift */,
				4DBEDA2E1F226C4000E33F23 /* SettingsViewController.swift */,
				4DBEDA321F232EA800E33F23 /* ContainerViewController.swift */,
				4DBEDA1E1F226C0700E33F23 /* Main.storyboard */,
				4DBEDA211F226C0700E33F23 /* Assets.xcassets */,
				4DBEDA231F226C0700E33F23 /* LaunchScreen.storyboard */,
				4DBEDA261F226C0700E33F23 /* Info.plist */,
			);
			path = Tippy;
			sourceTree = "<group>";
		};
		C858E8C0F32D2EC32CF8F04E /* Pods */ = {
			isa = PBXGroup;
			children = (
				4F8FCEAE377CC8ED28BD5C7F /* Pods-Tippy.debug.xcconfig */,
				23C9B3E6095370F96666FCF6 /* Pods-Tippy.release.xcconfig */,
			);
			name = Pods;
			sourceTree = "<group>";
		};
/* End PBXGroup section */

/* Begin PBXNativeTarget section */
		4DBEDA161F226C0700E33F23 /* Tippy */ = {
			isa = PBXNativeTarget;
			buildConfigurationList = 4DBEDA291F226C0700E33F23 /* Build configuration list for PBXNativeTarget "Tippy" */;
			buildPhases = (
				A080FBCDCDD8FB2AF55082F5 /* [CP] Check Pods Manifest.lock */,
				4DBEDA131F226C0700E33F23 /* Sources */,
				4DBEDA141F226C0700E33F23 /* Frameworks */,
				4DBEDA151F226C0700E33F23 /* Resources */,
				553F799BDD9436D4E1A64B7D /* [CP] Embed Pods Frameworks */,
				19A5D37BF7DFCC9BFD4E37CA /* [CP] Copy Pods Resources */,
			);
			buildRules = (
			);
			dependencies = (
			);
			name = Tippy;
			productName = Tippy;
			productReference = 4DBEDA171F226C0700E33F23 /* Tippy.app */;
			productType = "com.apple.product-type.application";
		};
/* End PBXNativeTarget section */

/* Begin PBXProject section */
		4DBEDA0F1F226C0700E33F23 /* Project object */ = {
			isa = PBXProject;
			attributes = {
				LastSwiftUpdateCheck = 0830;
				LastUpgradeCheck = 0830;
				ORGANIZATIONNAME = "Wynne Lo";
				TargetAttributes = {
					4DBEDA161F226C0700E33F23 = {
						CreatedOnToolsVersion = 8.3.3;
						DevelopmentTeam = K958H6574L;
						ProvisioningStyle = Automatic;
					};
				};
			};
			buildConfigurationList = 4DBEDA121F226C0700E33F23 /* Build configuration list for PBXProject "Tippy" */;
			compatibilityVersion = "Xcode 3.2";
			developmentRegion = English;
			hasScannedForEncodings = 0;
			knownRegions = (
				en,
				Base,
			);
			mainGroup = 4DBEDA0E1F226C0700E33F23;
			productRefGroup = 4DBEDA181F226C0700E33F23 /* Products */;
			projectDirPath = "";
			projectRoot = "";
			targets = (
				4DBEDA161F226C0700E33F23 /* Tippy */,
			);
		};
/* End PBXProject section */

/* Begin PBXResourcesBuildPhase section */
		4DBEDA151F226C0700E33F23 /* Resources */ = {
			isa = PBXResourcesBuildPhase;
			buildActionMask = 2147483647;
			files = (
				4DBEDA251F226C0700E33F23 /* LaunchScreen.storyboard in Resources */,
				4DBEDA221F226C0700E33F23 /* Assets.xcassets in Resources */,
				4DBEDA201F226C0700E33F23 /* Main.storyboard in Resources */,
			);
			runOnlyForDeploymentPostprocessing = 0;
		};
/* End PBXResourcesBuildPhase section */

/* Begin PBXShellScriptBuildPhase section */
		19A5D37BF7DFCC9BFD4E37CA /* [CP] Copy Pods Resources */ = {
			isa = PBXShellScriptBuildPhase;
			buildActionMask = 2147483647;
			files = (
			);
			inputPaths = (
			);
			name = "[CP] Copy Pods Resources";
			outputPaths = (
			);
			runOnlyForDeploymentPostprocessing = 0;
			shellPath = /bin/sh;
			shellScript = "\"${SRCROOT}/Pods/Target Support Files/Pods-Tippy/Pods-Tippy-resources.sh\"\n";
			showEnvVarsInLog = 0;
		};
		553F799BDD9436D4E1A64B7D /* [CP] Embed Pods Frameworks */ = {
			isa = PBXShellScriptBuildPhase;
			buildActionMask = 2147483647;
			files = (
			);
			inputPaths = (
			);
			name = "[CP] Embed Pods Frameworks";
			outputPaths = (
			);
			runOnlyForDeploymentPostprocessing = 0;
			shellPath = /bin/sh;
			shellScript = "\"${SRCROOT}/Pods/Target Support Files/Pods-Tippy/Pods-Tippy-frameworks.sh\"\n";
			showEnvVarsInLog = 0;
		};
		A080FBCDCDD8FB2AF55082F5 /* [CP] Check Pods Manifest.lock */ = {
			isa = PBXShellScriptBuildPhase;
			buildActionMask = 2147483647;
			files = (
			);
			inputPaths = (
			);
			name = "[CP] Check Pods Manifest.lock";
			outputPaths = (
			);
			runOnlyForDeploymentPostprocessing = 0;
			shellPath = /bin/sh;
			shellScript = "diff \"${PODS_PODFILE_DIR_PATH}/Podfile.lock\" \"${PODS_ROOT}/Manifest.lock\" > /dev/null\nif [ $? != 0 ] ; then\n    # print error to STDERR\n    echo \"error: The sandbox is not in sync with the Podfile.lock. Run 'pod install' or update your CocoaPods installation.\" >&2\n    exit 1\nfi\n";
			showEnvVarsInLog = 0;
		};
/* End PBXShellScriptBuildPhase section */

/* Begin PBXSourcesBuildPhase section */
		4DBEDA131F226C0700E33F23 /* Sources */ = {
			isa = PBXSourcesBuildPhase;
			buildActionMask = 2147483647;
			files = (
				4DBEDA1B1F226C0700E33F23 /* AppDelegate.swift in Sources */,
				4DBEDA331F232EA800E33F23 /* ContainerViewController.swift in Sources */,
				4DBEDA311F226C4500E33F23 /* TipViewController.swift in Sources */,
				4DBEDA2F1F226C4000E33F23 /* SettingsViewController.swift in Sources */,
			);
			runOnlyForDeploymentPostprocessing = 0;
		};
/* End PBXSourcesBuildPhase section */

/* Begin PBXVariantGroup section */
		4DBEDA1E1F226C0700E33F23 /* Main.storyboard */ = {
			isa = PBXVariantGroup;
			children = (
				4DBEDA1F1F226C0700E33F23 /* Base */,
			);
			name = Main.storyboard;
			sourceTree = "<group>";
		};
		4DBEDA231F226C0700E33F23 /* LaunchScreen.storyboard */ = {
			isa = PBXVariantGroup;
			children = (
				4DBEDA241F226C0700E33F23 /* Base */,
			);
			name = LaunchScreen.storyboard;
			sourceTree = "<group>";
		};
/* End PBXVariantGroup section */

/* Begin XCBuildConfiguration section */
		4DBEDA271F226C0700E33F23 /* Debug */ = {
			isa = XCBuildConfiguration;
			buildSettings = {
				ALWAYS_SEARCH_USER_PATHS = NO;
				CLANG_ANALYZER_NONNULL = YES;
				CLANG_ANALYZER_NUMBER_OBJECT_CONVERSION = YES_AGGRESSIVE;
				CLANG_CXX_LANGUAGE_STANDARD = "gnu++0x";
				CLANG_CXX_LIBRARY = "libc++";
				CLANG_ENABLE_MODULES = YES;
				CLANG_ENABLE_OBJC_ARC = YES;
				CLANG_WARN_BOOL_CONVERSION = YES;
				CLANG_WARN_CONSTANT_CONVERSION = YES;
				CLANG_WARN_DIRECT_OBJC_ISA_USAGE = YES_ERROR;
				CLANG_WARN_DOCUMENTATION_COMMENTS = YES;
				CLANG_WARN_EMPTY_BODY = YES;
				CLANG_WARN_ENUM_CONVERSION = YES;
				CLANG_WARN_INFINITE_RECURSION = YES;
				CLANG_WARN_INT_CONVERSION = YES;
				CLANG_WARN_OBJC_ROOT_CLASS = YES_ERROR;
				CLANG_WARN_SUSPICIOUS_MOVE = YES;
				CLANG_WARN_UNREACHABLE_CODE = YES;
				CLANG_WARN__DUPLICATE_METHOD_MATCH = YES;
				"CODE_SIGN_IDENTITY[sdk=iphoneos*]" = "iPhone Developer";
				COPY_PHASE_STRIP = NO;
				DEBUG_INFORMATION_FORMAT = dwarf;
				ENABLE_STRICT_OBJC_MSGSEND = YES;
				ENABLE_TESTABILITY = YES;
				GCC_C_LANGUAGE_STANDARD = gnu99;
				GCC_DYNAMIC_NO_PIC = NO;
				GCC_NO_COMMON_BLOCKS = YES;
				GCC_OPTIMIZATION_LEVEL = 0;
				GCC_PREPROCESSOR_DEFINITIONS = (
					"DEBUG=1",
					"$(inherited)",
				);
				GCC_WARN_64_TO_32_BIT_CONVERSION = YES;
				GCC_WARN_ABOUT_RETURN_TYPE = YES_ERROR;
				GCC_WARN_UNDECLARED_SELECTOR = YES;
				GCC_WARN_UNINITIALIZED_AUTOS = YES_AGGRESSIVE;
				GCC_WARN_UNUSED_FUNCTION = YES;
				GCC_WARN_UNUSED_VARIABLE = YES;
				IPHONEOS_DEPLOYMENT_TARGET = 10.3;
				MTL_ENABLE_DEBUG_INFO = YES;
				ONLY_ACTIVE_ARCH = YES;
				SDKROOT = iphoneos;
				SWIFT_ACTIVE_COMPILATION_CONDITIONS = DEBUG;
				SWIFT_OPTIMIZATION_LEVEL = "-Onone";
			};
			name = Debug;
		};
		4DBEDA281F226C0700E33F23 /* Release */ = {
			isa = XCBuildConfiguration;
			buildSettings = {
				ALWAYS_SEARCH_USER_PATHS = NO;
				CLANG_ANALYZER_NONNULL = YES;
				CLANG_ANALYZER_NUMBER_OBJECT_CONVERSION = YES_AGGRESSIVE;
				CLANG_CXX_LANGUAGE_STANDARD = "gnu++0x";
				CLANG_CXX_LIBRARY = "libc++";
				CLANG_ENABLE_MODULES = YES;
				CLANG_ENABLE_OBJC_ARC = YES;
				CLANG_WARN_BOOL_CONVERSION = YES;
				CLANG_WARN_CONSTANT_CONVERSION = YES;
				CLANG_WARN_DIRECT_OBJC_ISA_USAGE = YES_ERROR;
				CLANG_WARN_DOCUMENTATION_COMMENTS = YES;
				CLANG_WARN_EMPTY_BODY = YES;
				CLANG_WARN_ENUM_CONVERSION = YES;
				CLANG_WARN_INFINITE_RECURSION = YES;
				CLANG_WARN_INT_CONVERSION = YES;
				CLANG_WARN_OBJC_ROOT_CLASS = YES_ERROR;
				CLANG_WARN_SUSPICIOUS_MOVE = YES;
				CLANG_WARN_UNREACHABLE_CODE = YES;
				CLANG_WARN__DUPLICATE_METHOD_MATCH = YES;
				"CODE_SIGN_IDENTITY[sdk=iphoneos*]" = "iPhone Developer";
				COPY_PHASE_STRIP = NO;
				DEBUG_INFORMATION_FORMAT = "dwarf-with-dsym";
				ENABLE_NS_ASSERTIONS = NO;
				ENABLE_STRICT_OBJC_MSGSEND = YES;
				GCC_C_LANGUAGE_STANDARD = gnu99;
				GCC_NO_COMMON_BLOCKS = YES;
				GCC_WARN_64_TO_32_BIT_CONVERSION = YES;
				GCC_WARN_ABOUT_RETURN_TYPE = YES_ERROR;
				GCC_WARN_UNDECLARED_SELECTOR = YES;
				GCC_WARN_UNINITIALIZED_AUTOS = YES_AGGRESSIVE;
				GCC_WARN_UNUSED_FUNCTION = YES;
				GCC_WARN_UNUSED_VARIABLE = YES;
				IPHONEOS_DEPLOYMENT_TARGET = 10.3;
				MTL_ENABLE_DEBUG_INFO = NO;
				SDKROOT = iphoneos;
				SWIFT_OPTIMIZATION_LEVEL = "-Owholemodule";
				VALIDATE_PRODUCT = YES;
			};
			name = Release;
		};
		4DBEDA2A1F226C0700E33F23 /* Debug */ = {
			isa = XCBuildConfiguration;
			baseConfigurationReference = 4F8FCEAE377CC8ED28BD5C7F /* Pods-Tippy.debug.xcconfig */;
			buildSettings = {
				ASSETCATALOG_COMPILER_APPICON_NAME = AppIcon;
				DEVELOPMENT_TEAM = K958H6574L;
				INFOPLIST_FILE = Tippy/Info.plist;
				IPHONEOS_DEPLOYMENT_TARGET = 9.0;
				LD_RUNPATH_SEARCH_PATHS = "$(inherited) @executable_path/Frameworks";
				PRODUCT_BUNDLE_IDENTIFIER = com.wynnelo.Tippy;
				PRODUCT_NAME = "$(TARGET_NAME)";
				SWIFT_VERSION = 3.0;
			};
			name = Debug;
		};
		4DBEDA2B1F226C0700E33F23 /* Release */ = {
			isa = XCBuildConfiguration;
			baseConfigurationReference = 23C9B3E6095370F96666FCF6 /* Pods-Tippy.release.xcconfig */;
			buildSettings = {
				ASSETCATALOG_COMPILER_APPICON_NAME = AppIcon;
				DEVELOPMENT_TEAM = K958H6574L;
				INFOPLIST_FILE = Tippy/Info.plist;
				IPHONEOS_DEPLOYMENT_TARGET = 9.0;
				LD_RUNPATH_SEARCH_PATHS = "$(inherited) @executable_path/Frameworks";
				PRODUCT_BUNDLE_IDENTIFIER = com.wynnelo.Tippy;
				PRODUCT_NAME = "$(TARGET_NAME)";
				SWIFT_VERSION = 3.0;
			};
			name = Release;
		};
/* End XCBuildConfiguration section */

/* Begin XCConfigurationList section */
		4DBEDA121F226C0700E33F23 /* Build configuration list for PBXProject "Tippy" */ = {
			isa = XCConfigurationList;
			buildConfigurations = (
				4DBEDA271F226C0700E33F23 /* Debug */,
				4DBEDA281F226C0700E33F23 /* Release */,
			);
			defaultConfigurationIsVisible = 0;
			defaultConfigurationName = Release;
		};
		4DBEDA291F226C0700E33F23 /* Build configuration list for PBXNativeTarget "Tippy" */ = {
			isa = XCConfigurationList;
			buildConfigurations = (
				4DBEDA2A1F226C0700E33F23 /* Debug */,
				4DBEDA2B1F226C0700E33F23 /* Release */,
			);
			defaultConfigurationIsVisible = 0;
			defaultConfigurationName = Release;
		};
/* End XCConfigurationList section */
	};
	rootObject = 4DBEDA0F1F226C0700E33F23 /* Project object */;
}
